// !$*UTF8*$!
{
	archiveVersion = 1;
	classes = {
	};
	objectVersion = 56;
	objects = {

/* Begin PBXBuildFile section */
		44AC2E5B2B6D35CB003426EA /* AppDelegate.swift in Sources */ = {isa = PBXBuildFile; fileRef = 44AC2E5A2B6D35CB003426EA /* AppDelegate.swift */; };
		44AC2E5D2B6D35CB003426EA /* SceneDelegate.swift in Sources */ = {isa = PBXBuildFile; fileRef = 44AC2E5C2B6D35CB003426EA /* SceneDelegate.swift */; };
		44AC2E5F2B6D35CB003426EA /* ViewController.swift in Sources */ = {isa = PBXBuildFile; fileRef = 44AC2E5E2B6D35CB003426EA /* ViewController.swift */; };
		44AC2E622B6D35CB003426EA /* Main.storyboard in Resources */ = {isa = PBXBuildFile; fileRef = 44AC2E602B6D35CB003426EA /* Main.storyboard */; };
		44AC2E642B6D35CD003426EA /* Assets.xcassets in Resources */ = {isa = PBXBuildFile; fileRef = 44AC2E632B6D35CD003426EA /* Assets.xcassets */; };
		44AC2E672B6D35CD003426EA /* LaunchScreen.storyboard in Resources */ = {isa = PBXBuildFile; fileRef = 44AC2E652B6D35CD003426EA /* LaunchScreen.storyboard */; };
		44C8DD1D2B72486600B9A296 /* ProductXib.swift in Sources */ = {isa = PBXBuildFile; fileRef = 44C8DD1B2B72486600B9A296 /* ProductXib.swift */; };
		44C8DD1E2B72486600B9A296 /* ProductXib.xib in Resources */ = {isa = PBXBuildFile; fileRef = 44C8DD1C2B72486600B9A296 /* ProductXib.xib */; };
/* End PBXBuildFile section */

/* Begin PBXFileReference section */
		44AC2E572B6D35CB003426EA /* GetApiPractice1.app */ = {isa = PBXFileReference; explicitFileType = wrapper.application; includeInIndex = 0; path = GetApiPractice1.app; sourceTree = BUILT_PRODUCTS_DIR; };
		44AC2E5A2B6D35CB003426EA /* AppDelegate.swift */ = {isa = PBXFileReference; lastKnownFileType = sourcecode.swift; path = AppDelegate.swift; sourceTree = "<group>"; };
		44AC2E5C2B6D35CB003426EA /* SceneDelegate.swift */ = {isa = PBXFileReference; lastKnownFileType = sourcecode.swift; path = SceneDelegate.swift; sourceTree = "<group>"; };
		44AC2E5E2B6D35CB003426EA /* ViewController.swift */ = {isa = PBXFileReference; lastKnownFileType = sourcecode.swift; path = ViewController.swift; sourceTree = "<group>"; };
		44AC2E612B6D35CB003426EA /* Base */ = {isa = PBXFileReference; lastKnownFileType = file.storyboard; name = Base; path = Base.lproj/Main.storyboard; sourceTree = "<group>"; };
		44AC2E632B6D35CD003426EA /* Assets.xcassets */ = {isa = PBXFileReference; lastKnownFileType = folder.assetcatalog; path = Assets.xcassets; sourceTree = "<group>"; };
		44AC2E662B6D35CD003426EA /* Base */ = {isa = PBXFileReference; lastKnownFileType = file.storyboard; name = Base; path = Base.lproj/LaunchScreen.storyboard; sourceTree = "<group>"; };
		44AC2E682B6D35CD003426EA /* Info.plist */ = {isa = PBXFileReference; lastKnownFileType = text.plist.xml; path = Info.plist; sourceTree = "<group>"; };
		44C8DD1B2B72486600B9A296 /* ProductXib.swift */ = {isa = PBXFileReference; lastKnownFileType = sourcecode.swift; path = ProductXib.swift; sourceTree = "<group>"; };
		44C8DD1C2B72486600B9A296 /* ProductXib.xib */ = {isa = PBXFileReference; lastKnownFileType = file.xib; path = ProductXib.xib; sourceTree = "<group>"; };
/* End PBXFileReference section */

/* Begin PBXFrameworksBuildPhase section */
		44AC2E542B6D35CB003426EA /* Frameworks */ = {
			isa = PBXFrameworksBuildPhase;
			buildActionMask = 2147483647;
			files = (
			);
			runOnlyForDeploymentPostprocessing = 0;
		};
/* End PBXFrameworksBuildPhase section */

/* Begin PBXGroup section */
		44AC2E4E2B6D35CB003426EA = {
			isa = PBXGroup;
			children = (
				44AC2E592B6D35CB003426EA /* GetApiPractice1 */,
				44AC2E582B6D35CB003426EA /* Products */,
			);
			sourceTree = "<group>";
		};
		44AC2E582B6D35CB003426EA /* Products */ = {
			isa = PBXGroup;
			children = (
				44AC2E572B6D35CB003426EA /* GetApiPractice1.app */,
			);
			name = Products;
			sourceTree = "<group>";
		};
		44AC2E592B6D35CB003426EA /* GetApiPractice1 */ = {
			isa = PBXGroup;
			children = (
				44AC2E5A2B6D35CB003426EA /* AppDelegate.swift */,
				44AC2E5C2B6D35CB003426EA /* SceneDelegate.swift */,
				44AC2E5E2B6D35CB003426EA /* ViewController.swift */,
				44AC2E602B6D35CB003426EA /* Main.storyboard */,
				44AC2E632B6D35CD003426EA /* Assets.xcassets */,
				44AC2E652B6D35CD003426EA /* LaunchScreen.storyboard */,
				44AC2E682B6D35CD003426EA /* Info.plist */,
				44C8DD1B2B72486600B9A296 /* ProductXib.swift */,
				44C8DD1C2B72486600B9A296 /* ProductXib.xib */,
			);
			path = GetApiPractice1;
			sourceTree = "<group>";
		};
/* End PBXGroup section */

/* Begin PBXNativeTarget section */
		44AC2E562B6D35CB003426EA /* GetApiPractice1 */ = {
			isa = PBXNativeTarget;
			buildConfigurationList = 44AC2E6B2B6D35CD003426EA /* Build configuration list for PBXNativeTarget "GetApiPractice1" */;
			buildPhases = (
				44AC2E532B6D35CB003426EA /* Sources */,
				44AC2E542B6D35CB003426EA /* Frameworks */,
				44AC2E552B6D35CB003426EA /* Resources */,
			);
			buildRules = (
			);
			dependencies = (
			);
			name = GetApiPractice1;
			productName = GetApiPractice1;
			productReference = 44AC2E572B6D35CB003426EA /* GetApiPractice1.app */;
			productType = "com.apple.product-type.application";
		};
/* End PBXNativeTarget section */

/* Begin PBXProject section */
		44AC2E4F2B6D35CB003426EA /* Project object */ = {
			isa = PBXProject;
			attributes = {
				BuildIndependentTargetsInParallel = 1;
				LastSwiftUpdateCheck = 1520;
				LastUpgradeCheck = 1520;
				TargetAttributes = {
					44AC2E562B6D35CB003426EA = {
						CreatedOnToolsVersion = 15.2;
					};
				};
			};
			buildConfigurationList = 44AC2E522B6D35CB003426EA /* Build configuration list for PBXProject "GetApiPractice1" */;
			compatibilityVersion = "Xcode 14.0";
			developmentRegion = en;
			hasScannedForEncodings = 0;
			knownRegions = (
				en,
				Base,
			);
			mainGroup = 44AC2E4E2B6D35CB003426EA;
			productRefGroup = 44AC2E582B6D35CB003426EA /* Products */;
			projectDirPath = "";
			projectRoot = "";
			targets = (
				44AC2E562B6D35CB003426EA /* GetApiPractice1 */,
			);
		};
/* End PBXProject section */

/* Begin PBXResourcesBuildPhase section */
		44AC2E552B6D35CB003426EA /* Resources */ = {
			isa = PBXResourcesBuildPhase;
			buildActionMask = 2147483647;
			files = (
				44AC2E672B6D35CD003426EA /* LaunchScreen.storyboard in Resources */,
				44AC2E642B6D35CD003426EA /* Assets.xcassets in Resources */,
				44AC2E622B6D35CB003426EA /* Main.storyboard in Resources */,
				44C8DD1E2B72486600B9A296 /* ProductXib.xib in Resources */,
			);
			runOnlyForDeploymentPostprocessing = 0;
		};
/* End PBXResourcesBuildPhase section */

/* Begin PBXSourcesBuildPhase section */
		44AC2E532B6D35CB003426EA /* Sources */ = {
			isa = PBXSourcesBuildPhase;
			buildActionMask = 2147483647;
			files = (
				44AC2E5F2B6D35CB003426EA /* ViewController.swift in Sources */,
				44AC2E5B2B6D35CB003426EA /* AppDelegate.swift in Sources */,
				44AC2E5D2B6D35CB003426EA /* SceneDelegate.swift in Sources */,
				44C8DD1D2B72486600B9A296 /* ProductXib.swift in Sources */,
			);
			runOnlyForDeploymentPostprocessing = 0;
		};
/* End PBXSourcesBuildPhase section */

/* Begin PBXVariantGroup section */
		44AC2E602B6D35CB003426EA /* Main.storyboard */ = {
			isa = PBXVariantGroup;
			children = (
				44AC2E612B6D35CB003426EA /* Base */,
			);
			name = Main.storyboard;
			sourceTree = "<group>";
		};
		44AC2E652B6D35CD003426EA /* LaunchScreen.storyboard */ = {
			isa = PBXVariantGroup;
			children = (
				44AC2E662B6D35CD003426EA /* Base */,
			);
			name = LaunchScreen.storyboard;
			sourceTree = "<group>";
		};
/* End PBXVariantGroup section */

/* Begin XCBuildConfiguration section */
		44AC2E692B6D35CD003426EA /* Debug */ = {
			isa = XCBuildConfiguration;
			buildSettings = {
				ALWAYS_SEARCH_USER_PATHS = NO;
				ASSETCATALOG_COMPILER_GENERATE_SWIFT_ASSET_SYMBOL_EXTENSIONS = YES;
				CLANG_ANALYZER_NONNULL = YES;
				CLANG_ANALYZER_NUMBER_OBJECT_CONVERSION = YES_AGGRESSIVE;
				CLANG_CXX_LANGUAGE_STANDARD = "gnu++20";
				CLANG_ENABLE_MODULES = YES;
				CLANG_ENABLE_OBJC_ARC = YES;
				CLANG_ENABLE_OBJC_WEAK = YES;
				CLANG_WARN_BLOCK_CAPTURE_AUTORELEASING = YES;
				CLANG_WARN_BOOL_CONVERSION = YES;
				CLANG_WARN_COMMA = YES;
				CLANG_WARN_CONSTANT_CONVERSION = YES;
				CLANG_WARN_DEPRECATED_OBJC_IMPLEMENTATIONS = YES;
				CLANG_WARN_DIRECT_OBJC_ISA_USAGE = YES_ERROR;
				CLANG_WARN_DOCUMENTATION_COMMENTS = YES;
				CLANG_WARN_EMPTY_BODY = YES;
				CLANG_WARN_ENUM_CONVERSION = YES;
				CLANG_WARN_INFINITE_RECURSION = YES;
				CLANG_WARN_INT_CONVERSION = YES;
				CLANG_WARN_NON_LITERAL_NULL_CONVERSION = YES;
				CLANG_WARN_OBJC_IMPLICIT_RETAIN_SELF = YES;
				CLANG_WARN_OBJC_LITERAL_CONVERSION = YES;
				CLANG_WARN_OBJC_ROOT_CLASS = YES_ERROR;
				CLANG_WARN_QUOTED_INCLUDE_IN_FRAMEWORK_HEADER = YES;
				CLANG_WARN_RANGE_LOOP_ANALYSIS = YES;
				CLANG_WARN_STRICT_PROTOTYPES = YES;
				CLANG_WARN_SUSPICIOUS_MOVE = YES;
				CLANG_WARN_UNGUARDED_AVAILABILITY = YES_AGGRESSIVE;
				CLANG_WARN_UNREACHABLE_CODE = YES;
				CLANG_WARN__DUPLICATE_METHOD_MATCH = YES;
				COPY_PHASE_STRIP = NO;
				DEBUG_INFORMATION_FORMAT = dwarf;
				ENABLE_STRICT_OBJC_MSGSEND = YES;
				ENABLE_TESTABILITY = YES;
				ENABLE_USER_SCRIPT_SANDBOXING = YES;
				GCC_C_LANGUAGE_STANDARD = gnu17;
				GCC_DYNAMIC_NO_PIC = NO;
				GCC_NO_COMMON_BLOCKS = YES;
				GCC_OPTIMIZATION_LEVEL = 0;
				GCC_PREPROCESSOR_DEFINITIONS = (
					"DEBUG=1",
					"$(inherited)",
				);
				GCC_WARN_64_TO_32_BIT_CONVERSION = YES;
				GCC_WARN_ABOUT_RETURN_TYPE = YES_ERROR;
				GCC_WARN_UNDECLARED_SELECTOR = YES;
				GCC_WARN_UNINITIALIZED_AUTOS = YES_AGGRESSIVE;
				GCC_WARN_UNUSED_FUNCTION = YES;
				GCC_WARN_UNUSED_VARIABLE = YES;
				IPHONEOS_DEPLOYMENT_TARGET = 17.2;
				LOCALIZATION_PREFERS_STRING_CATALOGS = YES;
				MTL_ENABLE_DEBUG_INFO = INCLUDE_SOURCE;
				MTL_FAST_MATH = YES;
				ONLY_ACTIVE_ARCH = YES;
				SDKROOT = iphoneos;
				SWIFT_ACTIVE_COMPILATION_CONDITIONS = "DEBUG $(inherited)";
				SWIFT_OPTIMIZATION_LEVEL = "-Onone";
			};
			name = Debug;
		};
		44AC2E6A2B6D35CD003426EA /* Release */ = {
			isa = XCBuildConfiguration;
			buildSettings = {
				ALWAYS_SEARCH_USER_PATHS = NO;
				ASSETCATALOG_COMPILER_GENERATE_SWIFT_ASSET_SYMBOL_EXTENSIONS = YES;
				CLANG_ANALYZER_NONNULL = YES;
				CLANG_ANALYZER_NUMBER_OBJECT_CONVERSION = YES_AGGRESSIVE;
				CLANG_CXX_LANGUAGE_STANDARD = "gnu++20";
				CLANG_ENABLE_MODULES = YES;
				CLANG_ENABLE_OBJC_ARC = YES;
				CLANG_ENABLE_OBJC_WEAK = YES;
				CLANG_WARN_BLOCK_CAPTURE_AUTORELEASING = YES;
				CLANG_WARN_BOOL_CONVERSION = YES;
				CLANG_WARN_COMMA = YES;
				CLANG_WARN_CONSTANT_CONVERSION = YES;
				CLANG_WARN_DEPRECATED_OBJC_IMPLEMENTATIONS = YES;
				CLANG_WARN_DIRECT_OBJC_ISA_USAGE = YES_ERROR;
				CLANG_WARN_DOCUMENTATION_COMMENTS = YES;
				CLANG_WARN_EMPTY_BODY = YES;
				CLANG_WARN_ENUM_CONVERSION = YES;
				CLANG_WARN_INFINITE_RECURSION = YES;
				CLANG_WARN_INT_CONVERSION = YES;
				CLANG_WARN_NON_LITERAL_NULL_CONVERSION = YES;
				CLANG_WARN_OBJC_IMPLICIT_RETAIN_SELF = YES;
				CLANG_WARN_OBJC_LITERAL_CONVERSION = YES;
				CLANG_WARN_OBJC_ROOT_CLASS = YES_ERROR;
				CLANG_WARN_QUOTED_INCLUDE_IN_FRAMEWORK_HEADER = YES;
				CLANG_WARN_RANGE_LOOP_ANALYSIS = YES;
				CLANG_WARN_STRICT_PROTOTYPES = YES;
				CLANG_WARN_SUSPICIOUS_MOVE = YES;
				CLANG_WARN_UNGUARDED_AVAILABILITY = YES_AGGRESSIVE;
				CLANG_WARN_UNREACHABLE_CODE = YES;
				CLANG_WARN__DUPLICATE_METHOD_MATCH = YES;
				COPY_PHASE_STRIP = NO;
				DEBUG_INFORMATION_FORMAT = "dwarf-with-dsym";
				ENABLE_NS_ASSERTIONS = NO;
				ENABLE_STRICT_OBJC_MSGSEND = YES;
				ENABLE_USER_SCRIPT_SANDBOXING = YES;
				GCC_C_LANGUAGE_STANDARD = gnu17;
				GCC_NO_COMMON_BLOCKS = YES;
				GCC_WARN_64_TO_32_BIT_CONVERSION = YES;
				GCC_WARN_ABOUT_RETURN_TYPE = YES_ERROR;
				GCC_WARN_UNDECLARED_SELECTOR = YES;
				GCC_WARN_UNINITIALIZED_AUTOS = YES_AGGRESSIVE;
				GCC_WARN_UNUSED_FUNCTION = YES;
				GCC_WARN_UNUSED_VARIABLE = YES;
				IPHONEOS_DEPLOYMENT_TARGET = 17.2;
				LOCALIZATION_PREFERS_STRING_CATALOGS = YES;
				MTL_ENABLE_DEBUG_INFO = NO;
				MTL_FAST_MATH = YES;
				SDKROOT = iphoneos;
				SWIFT_COMPILATION_MODE = wholemodule;
				VALIDATE_PRODUCT = YES;
			};
			name = Release;
		};
		44AC2E6C2B6D35CD003426EA /* Debug */ = {
			isa = XCBuildConfiguration;
			buildSettings = {
				ASSETCATALOG_COMPILER_APPICON_NAME = AppIcon;
				ASSETCATALOG_COMPILER_GLOBAL_ACCENT_COLOR_NAME = AccentColor;
				CODE_SIGN_STYLE = Automatic;
				CURRENT_PROJECT_VERSION = 1;
				GENERATE_INFOPLIST_FILE = YES;
				INFOPLIST_FILE = GetApiPractice1/Info.plist;
				INFOPLIST_KEY_UIApplicationSupportsIndirectInputEvents = YES;
				INFOPLIST_KEY_UILaunchStoryboardName = LaunchScreen;
				INFOPLIST_KEY_UIMainStoryboardFile = Main;
				INFOPLIST_KEY_UISupportedInterfaceOrientations_iPad = "UIInterfaceOrientationPortrait UIInterfaceOrientationPortraitUpsideDown UIInterfaceOrientationLandscapeLeft UIInterfaceOrientationLandscapeRight";
				INFOPLIST_KEY_UISupportedInterfaceOrientations_iPhone = "UIInterfaceOrientationPortrait UIInterfaceOrientationLandscapeLeft UIInterfaceOrientationLandscapeRight";
				LD_RUNPATH_SEARCH_PATHS = (
					"$(inherited)",
					"@executable_path/Frameworks",
				);
				MARKETING_VERSION = 1.0;
				PRODUCT_BUNDLE_IDENTIFIER = iosdevelopers.GetApiPractice1;
				PRODUCT_NAME = "$(TARGET_NAME)";
				SWIFT_EMIT_LOC_STRINGS = YES;
				SWIFT_VERSION = 5.0;
				TARGETED_DEVICE_FAMILY = "1,2";
			};
			name = Debug;
		};
		44AC2E6D2B6D35CD003426EA /* Release */ = {
			isa = XCBuildConfiguration;
			buildSettings = {
				ASSETCATALOG_COMPILER_APPICON_NAME = AppIcon;
				ASSETCATALOG_COMPILER_GLOBAL_ACCENT_COLOR_NAME = AccentColor;
				CODE_SIGN_STYLE = Automatic;
				CURRENT_PROJECT_VERSION = 1;
				GENERATE_INFOPLIST_FILE = YES;
				INFOPLIST_FILE = GetApiPractice1/Info.plist;
				INFOPLIST_KEY_UIApplicationSupportsIndirectInputEvents = YES;
				INFOPLIST_KEY_UILaunchStoryboardName = LaunchScreen;
				INFOPLIST_KEY_UIMainStoryboardFile = Main;
				INFOPLIST_KEY_UISupportedInterfaceOrientations_iPad = "UIInterfaceOrientationPortrait UIInterfaceOrientationPortraitUpsideDown UIInterfaceOrientationLandscapeLeft UIInterfaceOrientationLandscapeRight";
				INFOPLIST_KEY_UISupportedInterfaceOrientations_iPhone = "UIInterfaceOrientationPortrait UIInterfaceOrientationLandscapeLeft UIInterfaceOrientationLandscapeRight";
				LD_RUNPATH_SEARCH_PATHS = (
					"$(inherited)",
					"@executable_path/Frameworks",
				);
				MARKETING_VERSION = 1.0;
				PRODUCT_BUNDLE_IDENTIFIER = iosdevelopers.GetApiPractice1;
				PRODUCT_NAME = "$(TARGET_NAME)";
				SWIFT_EMIT_LOC_STRINGS = YES;
				SWIFT_VERSION = 5.0;
				TARGETED_DEVICE_FAMILY = "1,2";
			};
			name = Release;
		};
/* End XCBuildConfiguration section */

/* Begin XCConfigurationList section */
		44AC2E522B6D35CB003426EA /* Build configuration list for PBXProject "GetApiPractice1" */ = {
			isa = XCConfigurationList;
			buildConfigurations = (
				44AC2E692B6D35CD003426EA /* Debug */,
				44AC2E6A2B6D35CD003426EA /* Release */,
			);
			defaultConfigurationIsVisible = 0;
			defaultConfigurationName = Release;
		};
		44AC2E6B2B6D35CD003426EA /* Build configuration list for PBXNativeTarget "GetApiPractice1" */ = {
			isa = XCConfigurationList;
			buildConfigurations = (
				44AC2E6C2B6D35CD003426EA /* Debug */,
				44AC2E6D2B6D35CD003426EA /* Release */,
			);
			defaultConfigurationIsVisible = 0;
			defaultConfigurationName = Release;
		};
/* End XCConfigurationList section */
	};
	rootObject = 44AC2E4F2B6D35CB003426EA /* Project object */;
}
